// !$*UTF8*$!
{
	archiveVersion = 1;
	classes = {
	};
	objectVersion = 50;
	objects = {

/* Begin PBXBuildFile section */
		82200EA1258BD334002A315B /* AppDelegate.swift in Sources */ = {isa = PBXBuildFile; fileRef = 82200EA0258BD334002A315B /* AppDelegate.swift */; };
		82200EA3258BD334002A315B /* GameScene.sks in Resources */ = {isa = PBXBuildFile; fileRef = 82200EA2258BD334002A315B /* GameScene.sks */; };
		82200EA5258BD335002A315B /* Actions.sks in Resources */ = {isa = PBXBuildFile; fileRef = 82200EA4258BD335002A315B /* Actions.sks */; };
		82200EA7258BD335002A315B /* GameScene.swift in Sources */ = {isa = PBXBuildFile; fileRef = 82200EA6258BD335002A315B /* GameScene.swift */; };
		82200EA9258BD335002A315B /* ViewController.swift in Sources */ = {isa = PBXBuildFile; fileRef = 82200EA8258BD335002A315B /* ViewController.swift */; };
		82200EAB258BD354002A315B /* Assets.xcassets in Resources */ = {isa = PBXBuildFile; fileRef = 82200EAA258BD354002A315B /* Assets.xcassets */; };
		82200EAE258BD354002A315B /* Main.storyboard in Resources */ = {isa = PBXBuildFile; fileRef = 82200EAC258BD354002A315B /* Main.storyboard */; };
/* End PBXBuildFile section */

/* Begin PBXFileReference section */
		82200E9D258BD334002A315B /* Laborki3.app */ = {isa = PBXFileReference; explicitFileType = wrapper.application; includeInIndex = 0; path = Laborki3.app; sourceTree = BUILT_PRODUCTS_DIR; };
		82200EA0258BD334002A315B /* AppDelegate.swift */ = {isa = PBXFileReference; lastKnownFileType = sourcecode.swift; path = AppDelegate.swift; sourceTree = "<group>"; };
		82200EA2258BD334002A315B /* GameScene.sks */ = {isa = PBXFileReference; lastKnownFileType = file.sks; path = GameScene.sks; sourceTree = "<group>"; };
		82200EA4258BD335002A315B /* Actions.sks */ = {isa = PBXFileReference; lastKnownFileType = file.sks; path = Actions.sks; sourceTree = "<group>"; };
		82200EA6258BD335002A315B /* GameScene.swift */ = {isa = PBXFileReference; lastKnownFileType = sourcecode.swift; path = GameScene.swift; sourceTree = "<group>"; };
		82200EA8258BD335002A315B /* ViewController.swift */ = {isa = PBXFileReference; lastKnownFileType = sourcecode.swift; path = ViewController.swift; sourceTree = "<group>"; };
		82200EAA258BD354002A315B /* Assets.xcassets */ = {isa = PBXFileReference; lastKnownFileType = folder.assetcatalog; path = Assets.xcassets; sourceTree = "<group>"; };
		82200EAD258BD354002A315B /* Base */ = {isa = PBXFileReference; lastKnownFileType = file.storyboard; name = Base; path = Base.lproj/Main.storyboard; sourceTree = "<group>"; };
		82200EAF258BD354002A315B /* Info.plist */ = {isa = PBXFileReference; lastKnownFileType = text.plist.xml; path = Info.plist; sourceTree = "<group>"; };
		82200EB0258BD354002A315B /* Laborki3.entitlements */ = {isa = PBXFileReference; lastKnownFileType = text.plist.entitlements; path = Laborki3.entitlements; sourceTree = "<group>"; };
/* End PBXFileReference section */

/* Begin PBXFrameworksBuildPhase section */
		82200E9A258BD334002A315B /* Frameworks */ = {
			isa = PBXFrameworksBuildPhase;
			buildActionMask = 2147483647;
			files = (
			);
			runOnlyForDeploymentPostprocessing = 0;
		};
/* End PBXFrameworksBuildPhase section */

/* Begin PBXGroup section */
		82200E94258BD334002A315B = {
			isa = PBXGroup;
			children = (
				82200E9F258BD334002A315B /* Laborki3 */,
				82200E9E258BD334002A315B /* Products */,
			);
			sourceTree = "<group>";
		};
		82200E9E258BD334002A315B /* Products */ = {
			isa = PBXGroup;
			children = (
				82200E9D258BD334002A315B /* Laborki3.app */,
			);
			name = Products;
			sourceTree = "<group>";
		};
		82200E9F258BD334002A315B /* Laborki3 */ = {
			isa = PBXGroup;
			children = (
				82200EA0258BD334002A315B /* AppDelegate.swift */,
				82200EA2258BD334002A315B /* GameScene.sks */,
				82200EA4258BD335002A315B /* Actions.sks */,
				82200EA6258BD335002A315B /* GameScene.swift */,
				82200EA8258BD335002A315B /* ViewController.swift */,
				82200EAA258BD354002A315B /* Assets.xcassets */,
				82200EAC258BD354002A315B /* Main.storyboard */,
				82200EAF258BD354002A315B /* Info.plist */,
				82200EB0258BD354002A315B /* Laborki3.entitlements */,
			);
			path = Laborki3;
			sourceTree = "<group>";
		};
/* End PBXGroup section */

/* Begin PBXNativeTarget section */
		82200E9C258BD334002A315B /* Laborki3 */ = {
			isa = PBXNativeTarget;
			buildConfigurationList = 82200EB3258BD354002A315B /* Build configuration list for PBXNativeTarget "Laborki3" */;
			buildPhases = (
				82200E99258BD334002A315B /* Sources */,
				82200E9A258BD334002A315B /* Frameworks */,
				82200E9B258BD334002A315B /* Resources */,
			);
			buildRules = (
			);
			dependencies = (
			);
			name = Laborki3;
			productName = Laborki3;
			productReference = 82200E9D258BD334002A315B /* Laborki3.app */;
			productType = "com.apple.product-type.application";
		};
/* End PBXNativeTarget section */

/* Begin PBXProject section */
		82200E95258BD334002A315B /* Project object */ = {
			isa = PBXProject;
			attributes = {
				LastSwiftUpdateCheck = 1230;
				LastUpgradeCheck = 1230;
				TargetAttributes = {
					82200E9C258BD334002A315B = {
						CreatedOnToolsVersion = 12.3;
					};
				};
			};
			buildConfigurationList = 82200E98258BD334002A315B /* Build configuration list for PBXProject "Laborki3" */;
			compatibilityVersion = "Xcode 9.3";
			developmentRegion = en;
			hasScannedForEncodings = 0;
			knownRegions = (
				en,
				Base,
			);
			mainGroup = 82200E94258BD334002A315B;
			productRefGroup = 82200E9E258BD334002A315B /* Products */;
			projectDirPath = "";
			projectRoot = "";
			targets = (
				82200E9C258BD334002A315B /* Laborki3 */,
			);
		};
/* End PBXProject section */

/* Begin PBXResourcesBuildPhase section */
		82200E9B258BD334002A315B /* Resources */ = {
			isa = PBXResourcesBuildPhase;
			buildActionMask = 2147483647;
			files = (
				82200EA3258BD334002A315B /* GameScene.sks in Resources */,
				82200EAB258BD354002A315B /* Assets.xcassets in Resources */,
				82200EA5258BD335002A315B /* Actions.sks in Resources */,
				82200EAE258BD354002A315B /* Main.storyboard in Resources */,
			);
			runOnlyForDeploymentPostprocessing = 0;
		};
/* End PBXResourcesBuildPhase section */

/* Begin PBXSourcesBuildPhase section */
		82200E99258BD334002A315B /* Sources */ = {
			isa = PBXSourcesBuildPhase;
			buildActionMask = 2147483647;
			files = (
				82200EA9258BD335002A315B /* ViewController.swift in Sources */,
				82200EA7258BD335002A315B /* GameScene.swift in Sources */,
				82200EA1258BD334002A315B /* AppDelegate.swift in Sources */,
			);
			runOnlyForDeploymentPostprocessing = 0;
		};
/* End PBXSourcesBuildPhase section */

/* Begin PBXVariantGroup section */
		82200EAC258BD354002A315B /* Main.storyboard */ = {
			isa = PBXVariantGroup;
			children = (
				82200EAD258BD354002A315B /* Base */,
			);
			name = Main.storyboard;
			sourceTree = "<group>";
		};
/* End PBXVariantGroup section */

/* Begin XCBuildConfiguration section */
		82200EB1258BD354002A315B /* Debug */ = {
			isa = XCBuildConfiguration;
			buildSettings = {
				ALWAYS_SEARCH_USER_PATHS = NO;
				CLANG_ANALYZER_NONNULL = YES;
				CLANG_ANALYZER_NUMBER_OBJECT_CONVERSION = YES_AGGRESSIVE;
				CLANG_CXX_LANGUAGE_STANDARD = "gnu++14";
				CLANG_CXX_LIBRARY = "libc++";
				CLANG_ENABLE_MODULES = YES;
				CLANG_ENABLE_OBJC_ARC = YES;
				CLANG_ENABLE_OBJC_WEAK = YES;
				CLANG_WARN_BLOCK_CAPTURE_AUTORELEASING = YES;
				CLANG_WARN_BOOL_CONVERSION = YES;
				CLANG_WARN_COMMA = YES;
				CLANG_WARN_CONSTANT_CONVERSION = YES;
				CLANG_WARN_DEPRECATED_OBJC_IMPLEMENTATIONS = YES;
				CLANG_WARN_DIRECT_OBJC_ISA_USAGE = YES_ERROR;
				CLANG_WARN_DOCUMENTATION_COMMENTS = YES;
				CLANG_WARN_EMPTY_BODY = YES;
				CLANG_WARN_ENUM_CONVERSION = YES;
				CLANG_WARN_INFINITE_RECURSION = YES;
				CLANG_WARN_INT_CONVERSION = YES;
				CLANG_WARN_NON_LITERAL_NULL_CONVERSION = YES;
				CLANG_WARN_OBJC_IMPLICIT_RETAIN_SELF = YES;
				CLANG_WARN_OBJC_LITERAL_CONVERSION = YES;
				CLANG_WARN_OBJC_ROOT_CLASS = YES_ERROR;
				CLANG_WARN_QUOTED_INCLUDE_IN_FRAMEWORK_HEADER = YES;
				CLANG_WARN_RANGE_LOOP_ANALYSIS = YES;
				CLANG_WARN_STRICT_PROTOTYPES = YES;
				CLANG_WARN_SUSPICIOUS_MOVE = YES;
				CLANG_WARN_UNGUARDED_AVAILABILITY = YES_AGGRESSIVE;
				CLANG_WARN_UNREACHABLE_CODE = YES;
				CLANG_WARN__DUPLICATE_METHOD_MATCH = YES;
				COPY_PHASE_STRIP = NO;
				DEBUG_INFORMATION_FORMAT = dwarf;
				ENABLE_STRICT_OBJC_MSGSEND = YES;
				ENABLE_TESTABILITY = YES;
				GCC_C_LANGUAGE_STANDARD = gnu11;
				GCC_DYNAMIC_NO_PIC = NO;
				GCC_NO_COMMON_BLOCKS = YES;
				GCC_OPTIMIZATION_LEVEL = 0;
				GCC_PREPROCESSOR_DEFINITIONS = (
					"DEBUG=1",
					"$(inherited)",
				);
				GCC_WARN_64_TO_32_BIT_CONVERSION = YES;
				GCC_WARN_ABOUT_RETURN_TYPE = YES_ERROR;
				GCC_WARN_UNDECLARED_SELECTOR = YES;
				GCC_WARN_UNINITIALIZED_AUTOS = YES_AGGRESSIVE;
				GCC_WARN_UNUSED_FUNCTION = YES;
				GCC_WARN_UNUSED_VARIABLE = YES;
				MACOSX_DEPLOYMENT_TARGET = 11.1;
				MTL_ENABLE_DEBUG_INFO = INCLUDE_SOURCE;
				MTL_FAST_MATH = YES;
				ONLY_ACTIVE_ARCH = YES;
				SDKROOT = macosx;
				SWIFT_ACTIVE_COMPILATION_CONDITIONS = DEBUG;
				SWIFT_OPTIMIZATION_LEVEL = "-Onone";
			};
			name = Debug;
		};
		82200EB2258BD354002A315B /* Release */ = {
			isa = XCBuildConfiguration;
			buildSettings = {
				ALWAYS_SEARCH_USER_PATHS = NO;
				CLANG_ANALYZER_NONNULL = YES;
				CLANG_ANALYZER_NUMBER_OBJECT_CONVERSION = YES_AGGRESSIVE;
				CLANG_CXX_LANGUAGE_STANDARD = "gnu++14";
				CLANG_CXX_LIBRARY = "libc++";
				CLANG_ENABLE_MODULES = YES;
				CLANG_ENABLE_OBJC_ARC = YES;
				CLANG_ENABLE_OBJC_WEAK = YES;
				CLANG_WARN_BLOCK_CAPTURE_AUTORELEASING = YES;
				CLANG_WARN_BOOL_CONVERSION = YES;
				CLANG_WARN_COMMA = YES;
				CLANG_WARN_CONSTANT_CONVERSION = YES;
				CLANG_WARN_DEPRECATED_OBJC_IMPLEMENTATIONS = YES;
				CLANG_WARN_DIRECT_OBJC_ISA_USAGE = YES_ERROR;
				CLANG_WARN_DOCUMENTATION_COMMENTS = YES;
				CLANG_WARN_EMPTY_BODY = YES;
				CLANG_WARN_ENUM_CONVERSION = YES;
				CLANG_WARN_INFINITE_RECURSION = YES;
				CLANG_WARN_INT_CONVERSION = YES;
				CLANG_WARN_NON_LITERAL_NULL_CONVERSION = YES;
				CLANG_WARN_OBJC_IMPLICIT_RETAIN_SELF = YES;
				CLANG_WARN_OBJC_LITERAL_CONVERSION = YES;
				CLANG_WARN_OBJC_ROOT_CLASS = YES_ERROR;
				CLANG_WARN_QUOTED_INCLUDE_IN_FRAMEWORK_HEADER = YES;
				CLANG_WARN_RANGE_LOOP_ANALYSIS = YES;
				CLANG_WARN_STRICT_PROTOTYPES = YES;
				CLANG_WARN_SUSPICIOUS_MOVE = YES;
				CLANG_WARN_UNGUARDED_AVAILABILITY = YES_AGGRESSIVE;
				CLANG_WARN_UNREACHABLE_CODE = YES;
				CLANG_WARN__DUPLICATE_METHOD_MATCH = YES;
				COPY_PHASE_STRIP = NO;
				DEBUG_INFORMATION_FORMAT = "dwarf-with-dsym";
				ENABLE_NS_ASSERTIONS = NO;
				ENABLE_STRICT_OBJC_MSGSEND = YES;
				GCC_C_LANGUAGE_STANDARD = gnu11;
				GCC_NO_COMMON_BLOCKS = YES;
				GCC_WARN_64_TO_32_BIT_CONVERSION = YES;
				GCC_WARN_ABOUT_RETURN_TYPE = YES_ERROR;
				GCC_WARN_UNDECLARED_SELECTOR = YES;
				GCC_WARN_UNINITIALIZED_AUTOS = YES_AGGRESSIVE;
				GCC_WARN_UNUSED_FUNCTION = YES;
				GCC_WARN_UNUSED_VARIABLE = YES;
				MACOSX_DEPLOYMENT_TARGET = 11.1;
				MTL_ENABLE_DEBUG_INFO = NO;
				MTL_FAST_MATH = YES;
				SDKROOT = macosx;
				SWIFT_COMPILATION_MODE = wholemodule;
				SWIFT_OPTIMIZATION_LEVEL = "-O";
			};
			name = Release;
		};
		82200EB4258BD354002A315B /* Debug */ = {
			isa = XCBuildConfiguration;
			buildSettings = {
				ASSETCATALOG_COMPILER_APPICON_NAME = AppIcon;
				ASSETCATALOG_COMPILER_GLOBAL_ACCENT_COLOR_NAME = AccentColor;
				CODE_SIGN_ENTITLEMENTS = Laborki3/Laborki3.entitlements;
				CODE_SIGN_STYLE = Automatic;
				COMBINE_HIDPI_IMAGES = YES;
				DEVELOPMENT_TEAM = 6HNM34F4V2;
				ENABLE_HARDENED_RUNTIME = YES;
				INFOPLIST_FILE = Laborki3/Info.plist;
				LD_RUNPATH_SEARCH_PATHS = (
					"$(inherited)",
					"@executable_path/../Frameworks",
				);
				PRODUCT_BUNDLE_IDENTIFIER = Qush.Laborki3;
				PRODUCT_NAME = "$(TARGET_NAME)";
				SWIFT_VERSION = 5.0;
			};
			name = Debug;
		};
		82200EB5258BD354002A315B /* Release */ = {
			isa = XCBuildConfiguration;
			buildSettings = {
				ASSETCATALOG_COMPILER_APPICON_NAME = AppIcon;
				ASSETCATALOG_COMPILER_GLOBAL_ACCENT_COLOR_NAME = AccentColor;
				CODE_SIGN_ENTITLEMENTS = Laborki3/Laborki3.entitlements;
				CODE_SIGN_STYLE = Automatic;
				COMBINE_HIDPI_IMAGES = YES;
				DEVELOPMENT_TEAM = 6HNM34F4V2;
				ENABLE_HARDENED_RUNTIME = YES;
				INFOPLIST_FILE = Laborki3/Info.plist;
				LD_RUNPATH_SEARCH_PATHS = (
					"$(inherited)",
					"@executable_path/../Frameworks",
				);
				PRODUCT_BUNDLE_IDENTIFIER = Qush.Laborki3;
				PRODUCT_NAME = "$(TARGET_NAME)";
				SWIFT_VERSION = 5.0;
			};
			name = Release;
		};
/* End XCBuildConfiguration section */

/* Begin XCConfigurationList section */
		82200E98258BD334002A315B /* Build configuration list for PBXProject "Laborki3" */ = {
			isa = XCConfigurationList;
			buildConfigurations = (
				82200EB1258BD354002A315B /* Debug */,
				82200EB2258BD354002A315B /* Release */,
			);
			defaultConfigurationIsVisible = 0;
			defaultConfigurationName = Release;
		};
		82200EB3258BD354002A315B /* Build configuration list for PBXNativeTarget "Laborki3" */ = {
			isa = XCConfigurationList;
			buildConfigurations = (
				82200EB4258BD354002A315B /* Debug */,
				82200EB5258BD354002A315B /* Release */,
			);
			defaultConfigurationIsVisible = 0;
			defaultConfigurationName = Release;
		};
/* End XCConfigurationList section */
	};
	rootObject = 82200E95258BD334002A315B /* Project object */;
}
